
Microsoft Visual Studio Solution File, Format Version 12.00
# Visual Studio Version 16
VisualStudioVersion = 16.0.31205.134
MinimumVisualStudioVersion = 10.0.40219.1
Project("{FAE04EC0-301F-11D3-BF4B-00C04F79EFBC}") = "SharePointTutorial-AddInProject", "SharePointTutorial-AddInProject\SharePointTutorial-AddInProject.csproj", "{81897942-58DF-428E-971F-D742D73DA24F}"
EndProject
Global
	GlobalSection(SolutionConfigurationPlatforms) = preSolution
		Debug|Any CPU = Debug|Any CPU
		Release|Any CPU = Release|Any CPU
	EndGlobalSection
	GlobalSection(ProjectConfigurationPlatforms) = postSolution
		{81897942-58DF-428E-971F-D742D73DA24F}.Debug|Any CPU.ActiveCfg = Debug|Any CPU
		{81897942-58DF-428E-971F-D742D73DA24F}.Debug|Any CPU.Build.0 = Debug|Any CPU
		{81897942-58DF-428E-971F-D742D73DA24F}.Debug|Any CPU.Deploy.0 = Debug|Any CPU
		{81897942-58DF-428E-971F-D742D73DA24F}.Release|Any CPU.ActiveCfg = Release|Any CPU
		{81897942-58DF-428E-971F-D742D73DA24F}.Release|Any CPU.Build.0 = Release|Any CPU
		{81897942-58DF-428E-971F-D742D73DA24F}.Release|Any CPU.Deploy.0 = Release|Any CPU
	EndGlobalSection
	GlobalSection(SolutionProperties) = preSolution
		HideSolutionNode = FALSE
	EndGlobalSection
	GlobalSection(ExtensibilityGlobals) = postSolution
		SolutionGuid = {B59453D2-DF05-4D45-95CD-E1BAF9286CC4}
	EndGlobalSection
EndGlobal
